// !$*UTF8*$!
{
	archiveVersion = 1;
	classes = {
	};
	objectVersion = 56;
	objects = {

/* Begin PBXBuildFile section */
		AAA00001 /* GyroAR3DPaintApp.swift in Sources */ = {isa = PBXBuildFile; fileRef = AAA00011 /* GyroAR3DPaintApp.swift */; };
		AAA00002 /* ContentView.swift in Sources */ = {isa = PBXBuildFile; fileRef = AAA00012 /* ContentView.swift */; };
		AAA00003 /* ARViewContainer.swift in Sources */ = {isa = PBXBuildFile; fileRef = AAA00013 /* ARViewContainer.swift */; };
		AAA00004 /* DrawingEngine.swift in Sources */ = {isa = PBXBuildFile; fileRef = AAA00014 /* DrawingEngine.swift */; };
		AAA00005 /* StrokeRenderer.swift in Sources */ = {isa = PBXBuildFile; fileRef = AAA00015 /* StrokeRenderer.swift */; };
		AAA00006 /* Assets.xcassets in Resources */ = {isa = PBXBuildFile; fileRef = AAA00016 /* Assets.xcassets */; };
		AAA00007 /* ModeSelectionView.swift in Sources */ = {isa = PBXBuildFile; fileRef = AAA00018 /* ModeSelectionView.swift */; };
		AAA00008 /* VirtualGalleryBuilder.swift in Sources */ = {isa = PBXBuildFile; fileRef = AAA00019 /* VirtualGalleryBuilder.swift */; };
		AAA00009 /* VirtualGalleryView.swift in Sources */ = {isa = PBXBuildFile; fileRef = AAA0001A /* VirtualGalleryView.swift */; };
		AAA0000B /* BrushRatingAndExport.swift in Sources */ = {isa = PBXBuildFile; fileRef = AAA0001B /* BrushRatingAndExport.swift */; };
		AAA0000C /* ControllerAndModes.swift in Sources */ = {isa = PBXBuildFile; fileRef = AAA0001C /* ControllerAndModes.swift */; };
		AAA0000D /* PerformanceSettings.swift in Sources */ = {isa = PBXBuildFile; fileRef = AAA0001D /* PerformanceSettings.swift */; };
		AAA0000E /* VideoEditorView.swift in Sources */ = {isa = PBXBuildFile; fileRef = AAA0001E /* VideoEditorView.swift */; };
		BRUSH001 /* BrushDefinition.swift in Sources */ = {isa = PBXBuildFile; fileRef = BRUSH011 /* BrushDefinition.swift */; };
		BRUSH002 /* BrushPresetManager.swift in Sources */ = {isa = PBXBuildFile; fileRef = BRUSH012 /* BrushPresetManager.swift */; };
		BRUSH003 /* BrushStudioView.swift in Sources */ = {isa = PBXBuildFile; fileRef = BRUSH013 /* BrushStudioView.swift */; };
		BRUSH004 /* BrushStudioMode.swift in Sources */ = {isa = PBXBuildFile; fileRef = BRUSH014 /* BrushStudioMode.swift */; };
		BRUSH005 /* StudioPanels.swift in Sources */ = {isa = PBXBuildFile; fileRef = BRUSH015 /* StudioPanels.swift */; };
		BRUSH006 /* BrushTestCanvas.swift in Sources */ = {isa = PBXBuildFile; fileRef = BRUSH016 /* BrushTestCanvas.swift */; };
		BRUSH007 /* BrushDSLParser.swift in Sources */ = {isa = PBXBuildFile; fileRef = BRUSH017 /* BrushDSLParser.swift */; };
		BRUSH008 /* BrushScriptEngine.swift in Sources */ = {isa = PBXBuildFile; fileRef = BRUSH018 /* BrushScriptEngine.swift */; };
		MIDI0001 /* MIDINetworkManager.swift in Sources */ = {isa = PBXBuildFile; fileRef = MIDI0011 /* MIDINetworkManager.swift */; };
		MIDI0002 /* MIDISettingsView.swift in Sources */ = {isa = PBXBuildFile; fileRef = MIDI0012 /* MIDISettingsView.swift */; };
		CE226C272F0C48EE00DFF2BF /* AirPodsMotionManager.swift in Sources */ = {isa = PBXBuildFile; fileRef = CE226C262F0C48EE00DFF2BF /* AirPodsMotionManager.swift */; };
		CE732B9E2F1169AA006E08AA /* Gyro3DColorButton.swift in Sources */ = {isa = PBXBuildFile; fileRef = CE732B9D2F1169AA006E08AA /* Gyro3DColorButton.swift */; };
		CE944E512F087B0400FB5510 /* AspectRatioAndGallery.swift in Sources */ = {isa = PBXBuildFile; fileRef = CE944E502F087B0400FB5510 /* AspectRatioAndGallery.swift */; };
/* End PBXBuildFile section */

/* Begin PBXFileReference section */
		AAA00010 /* GyroAR3DPaint.app */ = {isa = PBXFileReference; explicitFileType = wrapper.application; includeInIndex = 0; path = GyroAR3DPaint.app; sourceTree = BUILT_PRODUCTS_DIR; };
		AAA00011 /* GyroAR3DPaintApp.swift */ = {isa = PBXFileReference; lastKnownFileType = sourcecode.swift; path = GyroAR3DPaintApp.swift; sourceTree = "<group>"; };
		AAA00012 /* ContentView.swift */ = {isa = PBXFileReference; lastKnownFileType = sourcecode.swift; path = ContentView.swift; sourceTree = "<group>"; };
		AAA00013 /* ARViewContainer.swift */ = {isa = PBXFileReference; lastKnownFileType = sourcecode.swift; path = ARViewContainer.swift; sourceTree = "<group>"; };
		AAA00014 /* DrawingEngine.swift */ = {isa = PBXFileReference; lastKnownFileType = sourcecode.swift; path = DrawingEngine.swift; sourceTree = "<group>"; };
		AAA00015 /* StrokeRenderer.swift */ = {isa = PBXFileReference; lastKnownFileType = sourcecode.swift; path = StrokeRenderer.swift; sourceTree = "<group>"; };
		AAA00016 /* Assets.xcassets */ = {isa = PBXFileReference; lastKnownFileType = folder.assetcatalog; path = Assets.xcassets; sourceTree = "<group>"; };
		AAA00017 /* Info.plist */ = {isa = PBXFileReference; lastKnownFileType = text.plist.xml; path = Info.plist; sourceTree = "<group>"; };
		AAA00018 /* ModeSelectionView.swift */ = {isa = PBXFileReference; lastKnownFileType = sourcecode.swift; path = ModeSelectionView.swift; sourceTree = "<group>"; };
		AAA00019 /* VirtualGalleryBuilder.swift */ = {isa = PBXFileReference; lastKnownFileType = sourcecode.swift; path = VirtualGalleryBuilder.swift; sourceTree = "<group>"; };
		AAA0001A /* VirtualGalleryView.swift */ = {isa = PBXFileReference; lastKnownFileType = sourcecode.swift; path = VirtualGalleryView.swift; sourceTree = "<group>"; };
		AAA0001B /* BrushRatingAndExport.swift */ = {isa = PBXFileReference; lastKnownFileType = sourcecode.swift; path = BrushRatingAndExport.swift; sourceTree = "<group>"; };
		AAA0001C /* ControllerAndModes.swift */ = {isa = PBXFileReference; lastKnownFileType = sourcecode.swift; path = ControllerAndModes.swift; sourceTree = "<group>"; };
		AAA0001D /* PerformanceSettings.swift */ = {isa = PBXFileReference; lastKnownFileType = sourcecode.swift; path = PerformanceSettings.swift; sourceTree = "<group>"; };
		AAA0001E /* VideoEditorView.swift */ = {isa = PBXFileReference; lastKnownFileType = sourcecode.swift; path = VideoEditorView.swift; sourceTree = "<group>"; };
		BRUSH011 /* BrushDefinition.swift */ = {isa = PBXFileReference; lastKnownFileType = sourcecode.swift; path = BrushDefinition.swift; sourceTree = "<group>"; };
		BRUSH012 /* BrushPresetManager.swift */ = {isa = PBXFileReference; lastKnownFileType = sourcecode.swift; path = BrushPresetManager.swift; sourceTree = "<group>"; };
		BRUSH013 /* BrushStudioView.swift */ = {isa = PBXFileReference; lastKnownFileType = sourcecode.swift; path = BrushStudioView.swift; sourceTree = "<group>"; };
		BRUSH014 /* BrushStudioMode.swift */ = {isa = PBXFileReference; lastKnownFileType = sourcecode.swift; path = BrushStudioMode.swift; sourceTree = "<group>"; };
		BRUSH015 /* StudioPanels.swift */ = {isa = PBXFileReference; lastKnownFileType = sourcecode.swift; path = StudioPanels.swift; sourceTree = "<group>"; };
		BRUSH016 /* BrushTestCanvas.swift */ = {isa = PBXFileReference; lastKnownFileType = sourcecode.swift; path = BrushTestCanvas.swift; sourceTree = "<group>"; };
		BRUSH017 /* BrushDSLParser.swift */ = {isa = PBXFileReference; lastKnownFileType = sourcecode.swift; path = BrushDSLParser.swift; sourceTree = "<group>"; };
		BRUSH018 /* BrushScriptEngine.swift */ = {isa = PBXFileReference; lastKnownFileType = sourcecode.swift; path = BrushScriptEngine.swift; sourceTree = "<group>"; };
		MIDI0011 /* MIDINetworkManager.swift */ = {isa = PBXFileReference; lastKnownFileType = sourcecode.swift; path = MIDINetworkManager.swift; sourceTree = "<group>"; };
		MIDI0012 /* MIDISettingsView.swift */ = {isa = PBXFileReference; lastKnownFileType = sourcecode.swift; path = MIDISettingsView.swift; sourceTree = "<group>"; };
		CE226C262F0C48EE00DFF2BF /* AirPodsMotionManager.swift */ = {isa = PBXFileReference; lastKnownFileType = sourcecode.swift; path = AirPodsMotionManager.swift; sourceTree = "<group>"; };
		CE732B9D2F1169AA006E08AA /* Gyro3DColorButton.swift */ = {isa = PBXFileReference; lastKnownFileType = sourcecode.swift; path = Gyro3DColorButton.swift; sourceTree = "<group>"; };
		CE944E502F087B0400FB5510 /* AspectRatioAndGallery.swift */ = {isa = PBXFileReference; lastKnownFileType = sourcecode.swift; path = AspectRatioAndGallery.swift; sourceTree = "<group>"; };
/* End PBXFileReference section */

/* Begin PBXFrameworksBuildPhase section */
		AAA00020 /* Frameworks */ = {
			isa = PBXFrameworksBuildPhase;
			buildActionMask = 2147483647;
			files = (
			);
			runOnlyForDeploymentPostprocessing = 0;
		};
/* End PBXFrameworksBuildPhase section */

/* Begin PBXGroup section */
		AAA00030 = {
			isa = PBXGroup;
			children = (
				AAA00031 /* GyroAR3DPaint */,
				AAA00032 /* Products */,
			);
			sourceTree = "<group>";
		};
		AAA00031 /* GyroAR3DPaint */ = {
			isa = PBXGroup;
			children = (
				BRUSH010 /* BrushStudio */,
				AAA00011 /* GyroAR3DPaintApp.swift */,
				AAA00018 /* ModeSelectionView.swift */,
				AAA00012 /* ContentView.swift */,
				AAA00013 /* ARViewContainer.swift */,
				CE732B9D2F1169AA006E08AA /* Gyro3DColorButton.swift */,
				AAA00014 /* DrawingEngine.swift */,
				CE226C262F0C48EE00DFF2BF /* AirPodsMotionManager.swift */,
				MIDI0011 /* MIDINetworkManager.swift */,
				MIDI0012 /* MIDISettingsView.swift */,
				AAA00015 /* StrokeRenderer.swift */,
				AAA00019 /* VirtualGalleryBuilder.swift */,
				AAA0001A /* VirtualGalleryView.swift */,
				AAA0001B /* BrushRatingAndExport.swift */,
				AAA0001C /* ControllerAndModes.swift */,
				AAA0001D /* PerformanceSettings.swift */,
				AAA0001E /* VideoEditorView.swift */,
				AAA00016 /* Assets.xcassets */,
				AAA00017 /* Info.plist */,
				CE944E502F087B0400FB5510 /* AspectRatioAndGallery.swift */,
			);
			path = GyroAR3DPaint;
			sourceTree = "<group>";
		};
		AAA00032 /* Products */ = {
			isa = PBXGroup;
			children = (
				AAA00010 /* GyroAR3DPaint.app */,
			);
			name = Products;
			sourceTree = "<group>";
		};
		BRUSH010 /* BrushStudio */ = {
			isa = PBXGroup;
			children = (
				BRUSH011 /* BrushDefinition.swift */,
				BRUSH012 /* BrushPresetManager.swift */,
				BRUSH013 /* BrushStudioView.swift */,
				BRUSH014 /* BrushStudioMode.swift */,
				BRUSH015 /* StudioPanels.swift */,
				BRUSH016 /* BrushTestCanvas.swift */,
				BRUSH017 /* BrushDSLParser.swift */,
				BRUSH018 /* BrushScriptEngine.swift */,
			);
			path = BrushStudio;
			sourceTree = "<group>";
		};
/* End PBXGroup section */

/* Begin PBXNativeTarget section */
		AAA00040 /* GyroAR3DPaint */ = {
			isa = PBXNativeTarget;
			buildConfigurationList = AAA00050 /* Build configuration list for PBXNativeTarget "GyroAR3DPaint" */;
			buildPhases = (
				AAA00041 /* Sources */,
				AAA00020 /* Frameworks */,
				AAA00042 /* Resources */,
			);
			buildRules = (
			);
			dependencies = (
			);
			name = GyroAR3DPaint;
			productName = GyroAR3DPaint;
			productReference = AAA00010 /* GyroAR3DPaint.app */;
			productType = "com.apple.product-type.application";
		};
/* End PBXNativeTarget section */

/* Begin PBXProject section */
		AAA00000 /* Project object */ = {
			isa = PBXProject;
			attributes = {
				BuildIndependentTargetsInParallel = 1;
				LastSwiftUpdateCheck = 1500;
				LastUpgradeCheck = 1500;
				TargetAttributes = {
					AAA00040 = {
						CreatedOnToolsVersion = 15.0;
					};
				};
			};
			buildConfigurationList = AAA00060 /* Build configuration list for PBXProject "GyroAR3DPaint_cpu" */;
			compatibilityVersion = "Xcode 14.0";
			developmentRegion = en;
			hasScannedForEncodings = 0;
			knownRegions = (
				en,
				Base,
			);
			mainGroup = AAA00030;
			productRefGroup = AAA00032 /* Products */;
			projectDirPath = "";
			projectRoot = "";
			targets = (
				AAA00040 /* GyroAR3DPaint */,
			);
		};
/* End PBXProject section */

/* Begin PBXResourcesBuildPhase section */
		AAA00042 /* Resources */ = {
			isa = PBXResourcesBuildPhase;
			buildActionMask = 2147483647;
			files = (
				AAA00006 /* Assets.xcassets in Resources */,
			);
			runOnlyForDeploymentPostprocessing = 0;
		};
/* End PBXResourcesBuildPhase section */

/* Begin PBXSourcesBuildPhase section */
		AAA00041 /* Sources */ = {
			isa = PBXSourcesBuildPhase;
			buildActionMask = 2147483647;
			files = (
				CE732B9E2F1169AA006E08AA /* Gyro3DColorButton.swift in Sources */,
				CE226C272F0C48EE00DFF2BF /* AirPodsMotionManager.swift in Sources */,
				AAA00001 /* GyroAR3DPaintApp.swift in Sources */,
				AAA00007 /* ModeSelectionView.swift in Sources */,
				AAA00002 /* ContentView.swift in Sources */,
				CE944E512F087B0400FB5510 /* AspectRatioAndGallery.swift in Sources */,
				AAA00003 /* ARViewContainer.swift in Sources */,
				AAA00004 /* DrawingEngine.swift in Sources */,
				AAA00005 /* StrokeRenderer.swift in Sources */,
				AAA00008 /* VirtualGalleryBuilder.swift in Sources */,
				AAA00009 /* VirtualGalleryView.swift in Sources */,
				AAA0000B /* BrushRatingAndExport.swift in Sources */,
				AAA0000C /* ControllerAndModes.swift in Sources */,
				AAA0000D /* PerformanceSettings.swift in Sources */,
				AAA0000E /* VideoEditorView.swift in Sources */,
				BRUSH001 /* BrushDefinition.swift in Sources */,
				BRUSH002 /* BrushPresetManager.swift in Sources */,
				BRUSH003 /* BrushStudioView.swift in Sources */,
				BRUSH004 /* BrushStudioMode.swift in Sources */,
				BRUSH005 /* StudioPanels.swift in Sources */,
				BRUSH006 /* BrushTestCanvas.swift in Sources */,
				BRUSH007 /* BrushDSLParser.swift in Sources */,
				BRUSH008 /* BrushScriptEngine.swift in Sources */,
				MIDI0001 /* MIDINetworkManager.swift in Sources */,
				MIDI0002 /* MIDISettingsView.swift in Sources */,
			);
			runOnlyForDeploymentPostprocessing = 0;
		};
/* End PBXSourcesBuildPhase section */

/* Begin XCBuildConfiguration section */
		AAA00051 /* Debug */ = {
			isa = XCBuildConfiguration;
			buildSettings = {
				ASSETCATALOG_COMPILER_APPICON_NAME = AppIcon;
				ASSETCATALOG_COMPILER_GLOBAL_ACCENT_COLOR_NAME = AccentColor;
				CODE_SIGN_STYLE = Automatic;
				CURRENT_PROJECT_VERSION = 1;
				DEVELOPMENT_TEAM = UZA8888F8J;
				ENABLE_PREVIEWS = YES;
				GENERATE_INFOPLIST_FILE = NO;
				INFOPLIST_FILE = GyroAR3DPaint/Info.plist;
				INFOPLIST_KEY_CFBundleDisplayName = "Gyro AR Paint";
				INFOPLIST_KEY_LSApplicationCategoryType = "public.app-category.graphics-design";
				INFOPLIST_KEY_NSCameraUsageDescription = "AR painting requires camera access to track your position in space";
				INFOPLIST_KEY_UIApplicationSceneManifest_Generation = YES;
				INFOPLIST_KEY_UIApplicationSupportsIndirectInputEvents = YES;
				INFOPLIST_KEY_UILaunchScreen_Generation = YES;
				INFOPLIST_KEY_UIRequiredDeviceCapabilities = arkit;
				INFOPLIST_KEY_UIRequiresFullScreen = YES;
				INFOPLIST_KEY_UIStatusBarHidden = YES;
				INFOPLIST_KEY_UISupportedInterfaceOrientations = UIInterfaceOrientationPortrait;
				IPHONEOS_DEPLOYMENT_TARGET = 18.6;
				LD_RUNPATH_SEARCH_PATHS = (
					"$(inherited)",
					"@executable_path/Frameworks",
				);
				MARKETING_VERSION = 1.0;
				PRODUCT_BUNDLE_IDENTIFIER = com.gyrosaur.paint3d;
				PRODUCT_NAME = "$(TARGET_NAME)";
				SUPPORTED_PLATFORMS = iphoneos;
				SUPPORTS_MACCATALYST = NO;
				SWIFT_EMIT_LOC_STRINGS = YES;
				SWIFT_VERSION = 5.0;
				TARGETED_DEVICE_FAMILY = 1;
			};
			name = Debug;
		};
		AAA00052 /* Release */ = {
			isa = XCBuildConfiguration;
			buildSettings = {
				ASSETCATALOG_COMPILER_APPICON_NAME = AppIcon;
				ASSETCATALOG_COMPILER_GLOBAL_ACCENT_COLOR_NAME = AccentColor;
				CODE_SIGN_STYLE = Automatic;
				CURRENT_PROJECT_VERSION = 1;
				DEVELOPMENT_TEAM = UZA8888F8J;
				ENABLE_PREVIEWS = YES;
				GENERATE_INFOPLIST_FILE = NO;
				INFOPLIST_FILE = GyroAR3DPaint/Info.plist;
				INFOPLIST_KEY_CFBundleDisplayName = "Gyro AR Paint";
				INFOPLIST_KEY_LSApplicationCategoryType = "public.app-category.graphics-design";
				INFOPLIST_KEY_NSCameraUsageDescription = "AR painting requires camera access to track your position in space";
				INFOPLIST_KEY_UIApplicationSceneManifest_Generation = YES;
				INFOPLIST_KEY_UIApplicationSupportsIndirectInputEvents = YES;
				INFOPLIST_KEY_UILaunchScreen_Generation = YES;
				INFOPLIST_KEY_UIRequiredDeviceCapabilities = arkit;
				INFOPLIST_KEY_UIRequiresFullScreen = YES;
				INFOPLIST_KEY_UIStatusBarHidden = YES;
				INFOPLIST_KEY_UISupportedInterfaceOrientations = UIInterfaceOrientationPortrait;
				IPHONEOS_DEPLOYMENT_TARGET = 18.6;
				LD_RUNPATH_SEARCH_PATHS = (
					"$(inherited)",
					"@executable_path/Frameworks",
				);
				MARKETING_VERSION = 1.0;
				PRODUCT_BUNDLE_IDENTIFIER = com.gyrosaur.paint3d;
				PRODUCT_NAME = "$(TARGET_NAME)";
				SUPPORTED_PLATFORMS = iphoneos;
				SUPPORTS_MACCATALYST = NO;
				SWIFT_EMIT_LOC_STRINGS = YES;
				SWIFT_VERSION = 5.0;
				TARGETED_DEVICE_FAMILY = 1;
			};
			name = Release;
		};
		AAA00061 /* Debug */ = {
			isa = XCBuildConfiguration;
			buildSettings = {
				ALWAYS_SEARCH_USER_PATHS = NO;
				ASSETCATALOG_COMPILER_GENERATE_SWIFT_ASSET_SYMBOL_EXTENSIONS = YES;
				CLANG_ANALYZER_NONNULL = YES;
				CLANG_ANALYZER_NUMBER_OBJECT_CONVERSION = YES_AGGRESSIVE;
				CLANG_CXX_LANGUAGE_STANDARD = "gnu++20";
				CLANG_ENABLE_MODULES = YES;
				CLANG_ENABLE_OBJC_ARC = YES;
				CLANG_ENABLE_OBJC_WEAK = YES;
				CLANG_WARN_BLOCK_CAPTURE_AUTORELEASING = YES;
				CLANG_WARN_BOOL_CONVERSION = YES;
				CLANG_WARN_COMMA = YES;
				CLANG_WARN_CONSTANT_CONVERSION = YES;
				CLANG_WARN_DEPRECATED_OBJC_IMPLEMENTATIONS = YES;
				CLANG_WARN_DIRECT_OBJC_ISA_USAGE = YES_ERROR;
				CLANG_WARN_DOCUMENTATION_COMMENTS = YES;
				CLANG_WARN_EMPTY_BODY = YES;
				CLANG_WARN_ENUM_CONVERSION = YES;
				CLANG_WARN_INFINITE_RECURSION = YES;
				CLANG_WARN_INT_CONVERSION = YES;
				CLANG_WARN_NON_LITERAL_NULL_CONVERSION = YES;
				CLANG_WARN_OBJC_IMPLICIT_RETAIN_SELF = YES;
				CLANG_WARN_OBJC_LITERAL_CONVERSION = YES;
				CLANG_WARN_OBJC_ROOT_CLASS = YES_ERROR;
				CLANG_WARN_QUOTED_INCLUDE_IN_FRAMEWORK_HEADER = YES;
				CLANG_WARN_RANGE_LOOP_ANALYSIS = YES;
				CLANG_WARN_STRICT_PROTOTYPES = YES;
				CLANG_WARN_SUSPICIOUS_MOVE = YES;
				CLANG_WARN_UNGUARDED_AVAILABILITY = YES_AGGRESSIVE;
				CLANG_WARN_UNREACHABLE_CODE = YES;
				CLANG_WARN__DUPLICATE_METHOD_MATCH = YES;
				COPY_PHASE_STRIP = NO;
				DEBUG_INFORMATION_FORMAT = dwarf;
				ENABLE_STRICT_OBJC_MSGSEND = YES;
				ENABLE_TESTABILITY = YES;
				ENABLE_USER_SCRIPT_SANDBOXING = YES;
				GCC_C_LANGUAGE_STANDARD = gnu17;
				GCC_DYNAMIC_NO_PIC = NO;
				GCC_NO_COMMON_BLOCKS = YES;
				GCC_OPTIMIZATION_LEVEL = 0;
				GCC_PREPROCESSOR_DEFINITIONS = (
					"DEBUG=1",
					"$(inherited)",
				);
				GCC_WARN_64_TO_32_BIT_CONVERSION = YES;
				GCC_WARN_ABOUT_RETURN_TYPE = YES_ERROR;
				GCC_WARN_UNDECLARED_SELECTOR = YES;
				GCC_WARN_UNINITIALIZED_AUTOS = YES_AGGRESSIVE;
				GCC_WARN_UNUSED_FUNCTION = YES;
				GCC_WARN_UNUSED_VARIABLE = YES;
				IPHONEOS_DEPLOYMENT_TARGET = 17.0;
				LOCALIZATION_PREFERS_STRING_CATALOGS = YES;
				MTL_ENABLE_DEBUG_INFO = INCLUDE_SOURCE;
				MTL_FAST_MATH = YES;
				ONLY_ACTIVE_ARCH = YES;
				SDKROOT = iphoneos;
				SWIFT_ACTIVE_COMPILATION_CONDITIONS = "DEBUG $(inherited)";
				SWIFT_OPTIMIZATION_LEVEL = "-Onone";
			};
			name = Debug;
		};
		AAA00062 /* Release */ = {
			isa = XCBuildConfiguration;
			buildSettings = {
				ALWAYS_SEARCH_USER_PATHS = NO;
				ASSETCATALOG_COMPILER_GENERATE_SWIFT_ASSET_SYMBOL_EXTENSIONS = YES;
				CLANG_ANALYZER_NONNULL = YES;
				CLANG_ANALYZER_NUMBER_OBJECT_CONVERSION = YES_AGGRESSIVE;
				CLANG_CXX_LANGUAGE_STANDARD = "gnu++20";
				CLANG_ENABLE_MODULES = YES;
				CLANG_ENABLE_OBJC_ARC = YES;
				CLANG_ENABLE_OBJC_WEAK = YES;
				CLANG_WARN_BLOCK_CAPTURE_AUTORELEASING = YES;
				CLANG_WARN_BOOL_CONVERSION = YES;
				CLANG_WARN_COMMA = YES;
				CLANG_WARN_CONSTANT_CONVERSION = YES;
				CLANG_WARN_DEPRECATED_OBJC_IMPLEMENTATIONS = YES;
				CLANG_WARN_DIRECT_OBJC_ISA_USAGE = YES_ERROR;
				CLANG_WARN_DOCUMENTATION_COMMENTS = YES;
				CLANG_WARN_EMPTY_BODY = YES;
				CLANG_WARN_ENUM_CONVERSION = YES;
				CLANG_WARN_INFINITE_RECURSION = YES;
				CLANG_WARN_INT_CONVERSION = YES;
				CLANG_WARN_NON_LITERAL_NULL_CONVERSION = YES;
				CLANG_WARN_OBJC_IMPLICIT_RETAIN_SELF = YES;
				CLANG_WARN_OBJC_LITERAL_CONVERSION = YES;
				CLANG_WARN_OBJC_ROOT_CLASS = YES_ERROR;
				CLANG_WARN_QUOTED_INCLUDE_IN_FRAMEWORK_HEADER = YES;
				CLANG_WARN_RANGE_LOOP_ANALYSIS = YES;
				CLANG_WARN_STRICT_PROTOTYPES = YES;
				CLANG_WARN_SUSPICIOUS_MOVE = YES;
				CLANG_WARN_UNGUARDED_AVAILABILITY = YES_AGGRESSIVE;
				CLANG_WARN_UNREACHABLE_CODE = YES;
				CLANG_WARN__DUPLICATE_METHOD_MATCH = YES;
				COPY_PHASE_STRIP = NO;
				DEBUG_INFORMATION_FORMAT = "dwarf-with-dsym";
				ENABLE_NS_ASSERTIONS = NO;
				ENABLE_STRICT_OBJC_MSGSEND = YES;
				ENABLE_USER_SCRIPT_SANDBOXING = YES;
				GCC_C_LANGUAGE_STANDARD = gnu17;
				GCC_NO_COMMON_BLOCKS = YES;
				GCC_WARN_64_TO_32_BIT_CONVERSION = YES;
				GCC_WARN_ABOUT_RETURN_TYPE = YES_ERROR;
				GCC_WARN_UNDECLARED_SELECTOR = YES;
				GCC_WARN_UNINITIALIZED_AUTOS = YES_AGGRESSIVE;
				GCC_WARN_UNUSED_FUNCTION = YES;
				GCC_WARN_UNUSED_VARIABLE = YES;
				IPHONEOS_DEPLOYMENT_TARGET = 17.0;
				LOCALIZATION_PREFERS_STRING_CATALOGS = YES;
				MTL_ENABLE_DEBUG_INFO = NO;
				MTL_FAST_MATH = YES;
				SDKROOT = iphoneos;
				SWIFT_COMPILATION_MODE = wholemodule;
				VALIDATE_PRODUCT = YES;
			};
			name = Release;
		};
/* End XCBuildConfiguration section */

/* Begin XCConfigurationList section */
		AAA00050 /* Build configuration list for PBXNativeTarget "GyroAR3DPaint" */ = {
			isa = XCConfigurationList;
			buildConfigurations = (
				AAA00051 /* Debug */,
				AAA00052 /* Release */,
			);
			defaultConfigurationIsVisible = 0;
			defaultConfigurationName = Release;
		};
		AAA00060 /* Build configuration list for PBXProject "GyroAR3DPaint_cpu" */ = {
			isa = XCConfigurationList;
			buildConfigurations = (
				AAA00061 /* Debug */,
				AAA00062 /* Release */,
			);
			defaultConfigurationIsVisible = 0;
			defaultConfigurationName = Release;
		};
/* End XCConfigurationList section */
	};
	rootObject = AAA00000 /* Project object */;
}
